// !$*UTF8*$!
{
	archiveVersion = 1;
	classes = {
	};
	objectVersion = 56;
	objects = {

/* Begin PBXBuildFile section */
		412F19AE29FD6C0C00B9E622 /* wuav_appApp.swift in Sources */ = {isa = PBXBuildFile; fileRef = 412F19AD29FD6C0C00B9E622 /* wuav_appApp.swift */; };
		412F19B029FD6C0C00B9E622 /* ContentView.swift in Sources */ = {isa = PBXBuildFile; fileRef = 412F19AF29FD6C0C00B9E622 /* ContentView.swift */; };
		412F19B229FD6C0D00B9E622 /* Assets.xcassets in Resources */ = {isa = PBXBuildFile; fileRef = 412F19B129FD6C0D00B9E622 /* Assets.xcassets */; };
		412F19B529FD6C0D00B9E622 /* Preview Assets.xcassets in Resources */ = {isa = PBXBuildFile; fileRef = 412F19B429FD6C0D00B9E622 /* Preview Assets.xcassets */; };
		412F19C029FD8CA800B9E622 /* CustomButton.swift in Sources */ = {isa = PBXBuildFile; fileRef = 412F19BF29FD8CA800B9E622 /* CustomButton.swift */; };
		412F19C329FD8E0C00B9E622 /* WelcomeScreenView.swift in Sources */ = {isa = PBXBuildFile; fileRef = 412F19C229FD8E0C00B9E622 /* WelcomeScreenView.swift */; };
		412F19C529FDA3DA00B9E622 /* DashboardView.swift in Sources */ = {isa = PBXBuildFile; fileRef = 412F19C429FDA3DA00B9E622 /* DashboardView.swift */; };
		412F19C729FDA97900B9E622 /* LoginView.swift in Sources */ = {isa = PBXBuildFile; fileRef = 412F19C629FDA97900B9E622 /* LoginView.swift */; };
		41F2DF7429FE63190008BBA2 /* UploadView.swift in Sources */ = {isa = PBXBuildFile; fileRef = 41F2DF7329FE63190008BBA2 /* UploadView.swift */; };
		41F2DF7829FE7D4E0008BBA2 /* Project.xcdatamodeld in Sources */ = {isa = PBXBuildFile; fileRef = 41F2DF7629FE7D4E0008BBA2 /* Project.xcdatamodeld */; };
		41F2DF7B29FE876B0008BBA2 /* Route.swift in Sources */ = {isa = PBXBuildFile; fileRef = 41F2DF7A29FE876B0008BBA2 /* Route.swift */; };
		41F2DF7E29FEA31E0008BBA2 /* Project.swift in Sources */ = {isa = PBXBuildFile; fileRef = 41F2DF7D29FEA31E0008BBA2 /* Project.swift */; };
		41F2DF8029FEA35E0008BBA2 /* Customer.swift in Sources */ = {isa = PBXBuildFile; fileRef = 41F2DF7F29FEA35E0008BBA2 /* Customer.swift */; };
		41F2DF8229FEA3910008BBA2 /* Status.swift in Sources */ = {isa = PBXBuildFile; fileRef = 41F2DF8129FEA3910008BBA2 /* Status.swift */; };
		41F2DF8429FEA3B20008BBA2 /* CustomerType.swift in Sources */ = {isa = PBXBuildFile; fileRef = 41F2DF8329FEA3B20008BBA2 /* CustomerType.swift */; };
/* End PBXBuildFile section */

/* Begin PBXFileReference section */
		412F19AA29FD6C0C00B9E622 /* wuav-app.app */ = {isa = PBXFileReference; explicitFileType = wrapper.application; includeInIndex = 0; path = "wuav-app.app"; sourceTree = BUILT_PRODUCTS_DIR; };
		412F19AD29FD6C0C00B9E622 /* wuav_appApp.swift */ = {isa = PBXFileReference; lastKnownFileType = sourcecode.swift; path = wuav_appApp.swift; sourceTree = "<group>"; };
		412F19AF29FD6C0C00B9E622 /* ContentView.swift */ = {isa = PBXFileReference; lastKnownFileType = sourcecode.swift; path = ContentView.swift; sourceTree = "<group>"; };
		412F19B129FD6C0D00B9E622 /* Assets.xcassets */ = {isa = PBXFileReference; lastKnownFileType = folder.assetcatalog; path = Assets.xcassets; sourceTree = "<group>"; };
		412F19B429FD6C0D00B9E622 /* Preview Assets.xcassets */ = {isa = PBXFileReference; lastKnownFileType = folder.assetcatalog; path = "Preview Assets.xcassets"; sourceTree = "<group>"; };
		412F19BF29FD8CA800B9E622 /* CustomButton.swift */ = {isa = PBXFileReference; lastKnownFileType = sourcecode.swift; path = CustomButton.swift; sourceTree = "<group>"; };
		412F19C229FD8E0C00B9E622 /* WelcomeScreenView.swift */ = {isa = PBXFileReference; lastKnownFileType = sourcecode.swift; path = WelcomeScreenView.swift; sourceTree = "<group>"; };
		412F19C429FDA3DA00B9E622 /* DashboardView.swift */ = {isa = PBXFileReference; lastKnownFileType = sourcecode.swift; path = DashboardView.swift; sourceTree = "<group>"; };
		412F19C629FDA97900B9E622 /* LoginView.swift */ = {isa = PBXFileReference; lastKnownFileType = sourcecode.swift; path = LoginView.swift; sourceTree = "<group>"; };
		41F2DF7329FE63190008BBA2 /* UploadView.swift */ = {isa = PBXFileReference; lastKnownFileType = sourcecode.swift; path = UploadView.swift; sourceTree = "<group>"; };
		41F2DF7729FE7D4E0008BBA2 /* Project.xcdatamodel */ = {isa = PBXFileReference; lastKnownFileType = wrapper.xcdatamodel; path = Project.xcdatamodel; sourceTree = "<group>"; };
		41F2DF7A29FE876B0008BBA2 /* Route.swift */ = {isa = PBXFileReference; lastKnownFileType = sourcecode.swift; path = Route.swift; sourceTree = "<group>"; };
		41F2DF7D29FEA31E0008BBA2 /* Project.swift */ = {isa = PBXFileReference; lastKnownFileType = sourcecode.swift; path = Project.swift; sourceTree = "<group>"; };
		41F2DF7F29FEA35E0008BBA2 /* Customer.swift */ = {isa = PBXFileReference; lastKnownFileType = sourcecode.swift; path = Customer.swift; sourceTree = "<group>"; };
		41F2DF8129FEA3910008BBA2 /* Status.swift */ = {isa = PBXFileReference; lastKnownFileType = sourcecode.swift; path = Status.swift; sourceTree = "<group>"; };
		41F2DF8329FEA3B20008BBA2 /* CustomerType.swift */ = {isa = PBXFileReference; lastKnownFileType = sourcecode.swift; path = CustomerType.swift; sourceTree = "<group>"; };
/* End PBXFileReference section */

/* Begin PBXFrameworksBuildPhase section */
		412F19A729FD6C0C00B9E622 /* Frameworks */ = {
			isa = PBXFrameworksBuildPhase;
			buildActionMask = 2147483647;
			files = (
			);
			runOnlyForDeploymentPostprocessing = 0;
		};
/* End PBXFrameworksBuildPhase section */

/* Begin PBXGroup section */
		412F19A129FD6C0C00B9E622 = {
			isa = PBXGroup;
			children = (
				412F19AC29FD6C0C00B9E622 /* wuav-app */,
				412F19AB29FD6C0C00B9E622 /* Products */,
			);
			sourceTree = "<group>";
		};
		412F19AB29FD6C0C00B9E622 /* Products */ = {
			isa = PBXGroup;
			children = (
				412F19AA29FD6C0C00B9E622 /* wuav-app.app */,
			);
			name = Products;
			sourceTree = "<group>";
		};
		412F19AC29FD6C0C00B9E622 /* wuav-app */ = {
			isa = PBXGroup;
			children = (
				41F2DF7C29FEA2FD0008BBA2 /* TestModel */,
				41F2DF7929FE87570008BBA2 /* NavigationStack */,
				41F2DF7529FE7D380008BBA2 /* DataModel */,
				412F19C129FD8DFB00B9E622 /* sscreens */,
				412F19AD29FD6C0C00B9E622 /* wuav_appApp.swift */,
				412F19AF29FD6C0C00B9E622 /* ContentView.swift */,
				412F19B129FD6C0D00B9E622 /* Assets.xcassets */,
				412F19B329FD6C0D00B9E622 /* Preview Content */,
				412F19BF29FD8CA800B9E622 /* CustomButton.swift */,
			);
			path = "wuav-app";
			sourceTree = "<group>";
		};
		412F19B329FD6C0D00B9E622 /* Preview Content */ = {
			isa = PBXGroup;
			children = (
				412F19B429FD6C0D00B9E622 /* Preview Assets.xcassets */,
			);
			path = "Preview Content";
			sourceTree = "<group>";
		};
		412F19C129FD8DFB00B9E622 /* sscreens */ = {
			isa = PBXGroup;
			children = (
				412F19C229FD8E0C00B9E622 /* WelcomeScreenView.swift */,
				412F19C429FDA3DA00B9E622 /* DashboardView.swift */,
				412F19C629FDA97900B9E622 /* LoginView.swift */,
				41F2DF7329FE63190008BBA2 /* UploadView.swift */,
			);
			path = sscreens;
			sourceTree = "<group>";
		};
		41F2DF7529FE7D380008BBA2 /* DataModel */ = {
			isa = PBXGroup;
			children = (
				41F2DF7629FE7D4E0008BBA2 /* Project.xcdatamodeld */,
			);
			path = DataModel;
			sourceTree = "<group>";
		};
		41F2DF7929FE87570008BBA2 /* NavigationStack */ = {
			isa = PBXGroup;
			children = (
				41F2DF7A29FE876B0008BBA2 /* Route.swift */,
			);
			path = NavigationStack;
			sourceTree = "<group>";
		};
		41F2DF7C29FEA2FD0008BBA2 /* TestModel */ = {
			isa = PBXGroup;
			children = (
				41F2DF7D29FEA31E0008BBA2 /* Project.swift */,
				41F2DF7F29FEA35E0008BBA2 /* Customer.swift */,
				41F2DF8129FEA3910008BBA2 /* Status.swift */,
				41F2DF8329FEA3B20008BBA2 /* CustomerType.swift */,
			);
			path = TestModel;
			sourceTree = "<group>";
		};
/* End PBXGroup section */

/* Begin PBXNativeTarget section */
		412F19A929FD6C0C00B9E622 /* wuav-app */ = {
			isa = PBXNativeTarget;
			buildConfigurationList = 412F19B829FD6C0D00B9E622 /* Build configuration list for PBXNativeTarget "wuav-app" */;
			buildPhases = (
				412F19A629FD6C0C00B9E622 /* Sources */,
				412F19A729FD6C0C00B9E622 /* Frameworks */,
				412F19A829FD6C0C00B9E622 /* Resources */,
			);
			buildRules = (
			);
			dependencies = (
			);
			name = "wuav-app";
			productName = "wuav-app";
			productReference = 412F19AA29FD6C0C00B9E622 /* wuav-app.app */;
			productType = "com.apple.product-type.application";
		};
/* End PBXNativeTarget section */

/* Begin PBXProject section */
		412F19A229FD6C0C00B9E622 /* Project object */ = {
			isa = PBXProject;
			attributes = {
				BuildIndependentTargetsInParallel = 1;
				LastSwiftUpdateCheck = 1430;
				LastUpgradeCheck = 1430;
				TargetAttributes = {
					412F19A929FD6C0C00B9E622 = {
						CreatedOnToolsVersion = 14.3;
					};
				};
			};
			buildConfigurationList = 412F19A529FD6C0C00B9E622 /* Build configuration list for PBXProject "wuav-app" */;
			compatibilityVersion = "Xcode 14.0";
			developmentRegion = en;
			hasScannedForEncodings = 0;
			knownRegions = (
				en,
				Base,
			);
			mainGroup = 412F19A129FD6C0C00B9E622;
			productRefGroup = 412F19AB29FD6C0C00B9E622 /* Products */;
			projectDirPath = "";
			projectRoot = "";
			targets = (
				412F19A929FD6C0C00B9E622 /* wuav-app */,
			);
		};
/* End PBXProject section */

/* Begin PBXResourcesBuildPhase section */
		412F19A829FD6C0C00B9E622 /* Resources */ = {
			isa = PBXResourcesBuildPhase;
			buildActionMask = 2147483647;
			files = (
				412F19B529FD6C0D00B9E622 /* Preview Assets.xcassets in Resources */,
				412F19B229FD6C0D00B9E622 /* Assets.xcassets in Resources */,
			);
			runOnlyForDeploymentPostprocessing = 0;
		};
/* End PBXResourcesBuildPhase section */

/* Begin PBXSourcesBuildPhase section */
		412F19A629FD6C0C00B9E622 /* Sources */ = {
			isa = PBXSourcesBuildPhase;
			buildActionMask = 2147483647;
			files = (
				41F2DF7B29FE876B0008BBA2 /* Route.swift in Sources */,
				412F19C729FDA97900B9E622 /* LoginView.swift in Sources */,
				412F19B029FD6C0C00B9E622 /* ContentView.swift in Sources */,
				41F2DF7E29FEA31E0008BBA2 /* Project.swift in Sources */,
				41F2DF8429FEA3B20008BBA2 /* CustomerType.swift in Sources */,
				412F19C329FD8E0C00B9E622 /* WelcomeScreenView.swift in Sources */,
				41F2DF7829FE7D4E0008BBA2 /* Project.xcdatamodeld in Sources */,
				412F19C529FDA3DA00B9E622 /* DashboardView.swift in Sources */,
				41F2DF8029FEA35E0008BBA2 /* Customer.swift in Sources */,
				41F2DF7429FE63190008BBA2 /* UploadView.swift in Sources */,
				412F19AE29FD6C0C00B9E622 /* wuav_appApp.swift in Sources */,
				412F19C029FD8CA800B9E622 /* CustomButton.swift in Sources */,
				41F2DF8229FEA3910008BBA2 /* Status.swift in Sources */,
			);
			runOnlyForDeploymentPostprocessing = 0;
		};
/* End PBXSourcesBuildPhase section */

/* Begin XCBuildConfiguration section */
		412F19B629FD6C0D00B9E622 /* Debug */ = {
			isa = XCBuildConfiguration;
			buildSettings = {
				ALWAYS_SEARCH_USER_PATHS = NO;
				CLANG_ANALYZER_NONNULL = YES;
				CLANG_ANALYZER_NUMBER_OBJECT_CONVERSION = YES_AGGRESSIVE;
				CLANG_CXX_LANGUAGE_STANDARD = "gnu++20";
				CLANG_ENABLE_MODULES = YES;
				CLANG_ENABLE_OBJC_ARC = YES;
				CLANG_ENABLE_OBJC_WEAK = YES;
				CLANG_WARN_BLOCK_CAPTURE_AUTORELEASING = YES;
				CLANG_WARN_BOOL_CONVERSION = YES;
				CLANG_WARN_COMMA = YES;
				CLANG_WARN_CONSTANT_CONVERSION = YES;
				CLANG_WARN_DEPRECATED_OBJC_IMPLEMENTATIONS = YES;
				CLANG_WARN_DIRECT_OBJC_ISA_USAGE = YES_ERROR;
				CLANG_WARN_DOCUMENTATION_COMMENTS = YES;
				CLANG_WARN_EMPTY_BODY = YES;
				CLANG_WARN_ENUM_CONVERSION = YES;
				CLANG_WARN_INFINITE_RECURSION = YES;
				CLANG_WARN_INT_CONVERSION = YES;
				CLANG_WARN_NON_LITERAL_NULL_CONVERSION = YES;
				CLANG_WARN_OBJC_IMPLICIT_RETAIN_SELF = YES;
				CLANG_WARN_OBJC_LITERAL_CONVERSION = YES;
				CLANG_WARN_OBJC_ROOT_CLASS = YES_ERROR;
				CLANG_WARN_QUOTED_INCLUDE_IN_FRAMEWORK_HEADER = YES;
				CLANG_WARN_RANGE_LOOP_ANALYSIS = YES;
				CLANG_WARN_STRICT_PROTOTYPES = YES;
				CLANG_WARN_SUSPICIOUS_MOVE = YES;
				CLANG_WARN_UNGUARDED_AVAILABILITY = YES_AGGRESSIVE;
				CLANG_WARN_UNREACHABLE_CODE = YES;
				CLANG_WARN__DUPLICATE_METHOD_MATCH = YES;
				COPY_PHASE_STRIP = NO;
				DEBUG_INFORMATION_FORMAT = dwarf;
				ENABLE_STRICT_OBJC_MSGSEND = YES;
				ENABLE_TESTABILITY = YES;
				GCC_C_LANGUAGE_STANDARD = gnu11;
				GCC_DYNAMIC_NO_PIC = NO;
				GCC_NO_COMMON_BLOCKS = YES;
				GCC_OPTIMIZATION_LEVEL = 0;
				GCC_PREPROCESSOR_DEFINITIONS = (
					"DEBUG=1",
					"$(inherited)",
				);
				GCC_WARN_64_TO_32_BIT_CONVERSION = YES;
				GCC_WARN_ABOUT_RETURN_TYPE = YES_ERROR;
				GCC_WARN_UNDECLARED_SELECTOR = YES;
				GCC_WARN_UNINITIALIZED_AUTOS = YES_AGGRESSIVE;
				GCC_WARN_UNUSED_FUNCTION = YES;
				GCC_WARN_UNUSED_VARIABLE = YES;
				IPHONEOS_DEPLOYMENT_TARGET = 16.4;
				MTL_ENABLE_DEBUG_INFO = INCLUDE_SOURCE;
				MTL_FAST_MATH = YES;
				ONLY_ACTIVE_ARCH = YES;
				SDKROOT = iphoneos;
				SWIFT_ACTIVE_COMPILATION_CONDITIONS = DEBUG;
				SWIFT_OPTIMIZATION_LEVEL = "-Onone";
			};
			name = Debug;
		};
		412F19B729FD6C0D00B9E622 /* Release */ = {
			isa = XCBuildConfiguration;
			buildSettings = {
				ALWAYS_SEARCH_USER_PATHS = NO;
				CLANG_ANALYZER_NONNULL = YES;
				CLANG_ANALYZER_NUMBER_OBJECT_CONVERSION = YES_AGGRESSIVE;
				CLANG_CXX_LANGUAGE_STANDARD = "gnu++20";
				CLANG_ENABLE_MODULES = YES;
				CLANG_ENABLE_OBJC_ARC = YES;
				CLANG_ENABLE_OBJC_WEAK = YES;
				CLANG_WARN_BLOCK_CAPTURE_AUTORELEASING = YES;
				CLANG_WARN_BOOL_CONVERSION = YES;
				CLANG_WARN_COMMA = YES;
				CLANG_WARN_CONSTANT_CONVERSION = YES;
				CLANG_WARN_DEPRECATED_OBJC_IMPLEMENTATIONS = YES;
				CLANG_WARN_DIRECT_OBJC_ISA_USAGE = YES_ERROR;
				CLANG_WARN_DOCUMENTATION_COMMENTS = YES;
				CLANG_WARN_EMPTY_BODY = YES;
				CLANG_WARN_ENUM_CONVERSION = YES;
				CLANG_WARN_INFINITE_RECURSION = YES;
				CLANG_WARN_INT_CONVERSION = YES;
				CLANG_WARN_NON_LITERAL_NULL_CONVERSION = YES;
				CLANG_WARN_OBJC_IMPLICIT_RETAIN_SELF = YES;
				CLANG_WARN_OBJC_LITERAL_CONVERSION = YES;
				CLANG_WARN_OBJC_ROOT_CLASS = YES_ERROR;
				CLANG_WARN_QUOTED_INCLUDE_IN_FRAMEWORK_HEADER = YES;
				CLANG_WARN_RANGE_LOOP_ANALYSIS = YES;
				CLANG_WARN_STRICT_PROTOTYPES = YES;
				CLANG_WARN_SUSPICIOUS_MOVE = YES;
				CLANG_WARN_UNGUARDED_AVAILABILITY = YES_AGGRESSIVE;
				CLANG_WARN_UNREACHABLE_CODE = YES;
				CLANG_WARN__DUPLICATE_METHOD_MATCH = YES;
				COPY_PHASE_STRIP = NO;
				DEBUG_INFORMATION_FORMAT = "dwarf-with-dsym";
				ENABLE_NS_ASSERTIONS = NO;
				ENABLE_STRICT_OBJC_MSGSEND = YES;
				GCC_C_LANGUAGE_STANDARD = gnu11;
				GCC_NO_COMMON_BLOCKS = YES;
				GCC_WARN_64_TO_32_BIT_CONVERSION = YES;
				GCC_WARN_ABOUT_RETURN_TYPE = YES_ERROR;
				GCC_WARN_UNDECLARED_SELECTOR = YES;
				GCC_WARN_UNINITIALIZED_AUTOS = YES_AGGRESSIVE;
				GCC_WARN_UNUSED_FUNCTION = YES;
				GCC_WARN_UNUSED_VARIABLE = YES;
				IPHONEOS_DEPLOYMENT_TARGET = 16.4;
				MTL_ENABLE_DEBUG_INFO = NO;
				MTL_FAST_MATH = YES;
				SDKROOT = iphoneos;
				SWIFT_COMPILATION_MODE = wholemodule;
				SWIFT_OPTIMIZATION_LEVEL = "-O";
				VALIDATE_PRODUCT = YES;
			};
			name = Release;
		};
		412F19B929FD6C0D00B9E622 /* Debug */ = {
			isa = XCBuildConfiguration;
			buildSettings = {
				ASSETCATALOG_COMPILER_APPICON_NAME = AppIcon;
				ASSETCATALOG_COMPILER_GLOBAL_ACCENT_COLOR_NAME = AccentColor;
				CODE_SIGN_STYLE = Automatic;
				CURRENT_PROJECT_VERSION = 1;
				DEVELOPMENT_ASSET_PATHS = "\"wuav-app/Preview Content\"";
				DEVELOPMENT_TEAM = 5HFTA44LUF;
				ENABLE_PREVIEWS = YES;
				GENERATE_INFOPLIST_FILE = YES;
				INFOPLIST_KEY_UIApplicationSceneManifest_Generation = YES;
				INFOPLIST_KEY_UIApplicationSupportsIndirectInputEvents = YES;
				INFOPLIST_KEY_UILaunchScreen_Generation = YES;
				INFOPLIST_KEY_UISupportedInterfaceOrientations_iPad = "UIInterfaceOrientationPortrait UIInterfaceOrientationPortraitUpsideDown UIInterfaceOrientationLandscapeLeft UIInterfaceOrientationLandscapeRight";
				INFOPLIST_KEY_UISupportedInterfaceOrientations_iPhone = "UIInterfaceOrientationPortrait UIInterfaceOrientationLandscapeLeft UIInterfaceOrientationLandscapeRight";
				LD_RUNPATH_SEARCH_PATHS = (
					"$(inherited)",
					"@executable_path/Frameworks",
				);
				MARKETING_VERSION = 1.0;
				PRODUCT_BUNDLE_IDENTIFIER = "com.wuav-app.wuav-app";
				PRODUCT_NAME = "$(TARGET_NAME)";
				SWIFT_EMIT_LOC_STRINGS = YES;
				SWIFT_VERSION = 5.0;
				TARGETED_DEVICE_FAMILY = "1,2";
			};
			name = Debug;
		};
		412F19BA29FD6C0D00B9E622 /* Release */ = {
			isa = XCBuildConfiguration;
			buildSettings = {
				ASSETCATALOG_COMPILER_APPICON_NAME = AppIcon;
				ASSETCATALOG_COMPILER_GLOBAL_ACCENT_COLOR_NAME = AccentColor;
				CODE_SIGN_STYLE = Automatic;
				CURRENT_PROJECT_VERSION = 1;
				DEVELOPMENT_ASSET_PATHS = "\"wuav-app/Preview Content\"";
				DEVELOPMENT_TEAM = 5HFTA44LUF;
				ENABLE_PREVIEWS = YES;
				GENERATE_INFOPLIST_FILE = YES;
				INFOPLIST_KEY_UIApplicationSceneManifest_Generation = YES;
				INFOPLIST_KEY_UIApplicationSupportsIndirectInputEvents = YES;
				INFOPLIST_KEY_UILaunchScreen_Generation = YES;
				INFOPLIST_KEY_UISupportedInterfaceOrientations_iPad = "UIInterfaceOrientationPortrait UIInterfaceOrientationPortraitUpsideDown UIInterfaceOrientationLandscapeLeft UIInterfaceOrientationLandscapeRight";
				INFOPLIST_KEY_UISupportedInterfaceOrientations_iPhone = "UIInterfaceOrientationPortrait UIInterfaceOrientationLandscapeLeft UIInterfaceOrientationLandscapeRight";
				LD_RUNPATH_SEARCH_PATHS = (
					"$(inherited)",
					"@executable_path/Frameworks",
				);
				MARKETING_VERSION = 1.0;
				PRODUCT_BUNDLE_IDENTIFIER = "com.wuav-app.wuav-app";
				PRODUCT_NAME = "$(TARGET_NAME)";
				SWIFT_EMIT_LOC_STRINGS = YES;
				SWIFT_VERSION = 5.0;
				TARGETED_DEVICE_FAMILY = "1,2";
			};
			name = Release;
		};
/* End XCBuildConfiguration section */

/* Begin XCConfigurationList section */
		412F19A529FD6C0C00B9E622 /* Build configuration list for PBXProject "wuav-app" */ = {
			isa = XCConfigurationList;
			buildConfigurations = (
				412F19B629FD6C0D00B9E622 /* Debug */,
				412F19B729FD6C0D00B9E622 /* Release */,
			);
			defaultConfigurationIsVisible = 0;
			defaultConfigurationName = Release;
		};
		412F19B829FD6C0D00B9E622 /* Build configuration list for PBXNativeTarget "wuav-app" */ = {
			isa = XCConfigurationList;
			buildConfigurations = (
				412F19B929FD6C0D00B9E622 /* Debug */,
				412F19BA29FD6C0D00B9E622 /* Release */,
			);
			defaultConfigurationIsVisible = 0;
			defaultConfigurationName = Release;
		};
/* End XCConfigurationList section */

/* Begin XCVersionGroup section */
		41F2DF7629FE7D4E0008BBA2 /* Project.xcdatamodeld */ = {
			isa = XCVersionGroup;
			children = (
				41F2DF7729FE7D4E0008BBA2 /* Project.xcdatamodel */,
			);
			currentVersion = 41F2DF7729FE7D4E0008BBA2 /* Project.xcdatamodel */;
			path = Project.xcdatamodeld;
			sourceTree = "<group>";
			versionGroupType = wrapper.xcdatamodel;
		};
/* End XCVersionGroup section */
	};
	rootObject = 412F19A229FD6C0C00B9E622 /* Project object */;
}
